// !$*UTF8*$!
{
	archiveVersion = 1;
	classes = {
	};
	objectVersion = 46;
	objects = {

/* Begin PBXBuildFile section */
		5BB0DA059CD2B9D04F355AA5 /* libPods.a in Frameworks */ = {isa = PBXBuildFile; fileRef = 1B7DAB47FDD9A1E4AE6073D5 /* libPods.a */; };
		AE2223081BE483FC00D8BA8E /* main.m in Sources */ = {isa = PBXBuildFile; fileRef = AE2223071BE483FC00D8BA8E /* main.m */; };
		AE22230B1BE483FC00D8BA8E /* AppDelegate.m in Sources */ = {isa = PBXBuildFile; fileRef = AE22230A1BE483FC00D8BA8E /* AppDelegate.m */; };
		AE22230E1BE483FC00D8BA8E /* ViewController.m in Sources */ = {isa = PBXBuildFile; fileRef = AE22230D1BE483FC00D8BA8E /* ViewController.m */; };
		AE2223111BE483FC00D8BA8E /* Main.storyboard in Resources */ = {isa = PBXBuildFile; fileRef = AE22230F1BE483FC00D8BA8E /* Main.storyboard */; };
		AE2223141BE483FC00D8BA8E /* AFNetworkingD.xcdatamodeld in Sources */ = {isa = PBXBuildFile; fileRef = AE2223121BE483FC00D8BA8E /* AFNetworkingD.xcdatamodeld */; };
		AE2223161BE483FC00D8BA8E /* Assets.xcassets in Resources */ = {isa = PBXBuildFile; fileRef = AE2223151BE483FC00D8BA8E /* Assets.xcassets */; };
		AE2223191BE483FC00D8BA8E /* LaunchScreen.storyboard in Resources */ = {isa = PBXBuildFile; fileRef = AE2223171BE483FC00D8BA8E /* LaunchScreen.storyboard */; };
		AE2223241BE483FC00D8BA8E /* AFNetworkingDTests.m in Sources */ = {isa = PBXBuildFile; fileRef = AE2223231BE483FC00D8BA8E /* AFNetworkingDTests.m */; };
		AE22232F1BE483FC00D8BA8E /* AFNetworkingDUITests.m in Sources */ = {isa = PBXBuildFile; fileRef = AE22232E1BE483FC00D8BA8E /* AFNetworkingDUITests.m */; };
/* End PBXBuildFile section */

/* Begin PBXContainerItemProxy section */
		AE2223201BE483FC00D8BA8E /* PBXContainerItemProxy */ = {
			isa = PBXContainerItemProxy;
			containerPortal = AE2222FB1BE483FC00D8BA8E /* Project object */;
			proxyType = 1;
			remoteGlobalIDString = AE2223021BE483FC00D8BA8E;
			remoteInfo = AFNetworkingD;
		};
		AE22232B1BE483FC00D8BA8E /* PBXContainerItemProxy */ = {
			isa = PBXContainerItemProxy;
			containerPortal = AE2222FB1BE483FC00D8BA8E /* Project object */;
			proxyType = 1;
			remoteGlobalIDString = AE2223021BE483FC00D8BA8E;
			remoteInfo = AFNetworkingD;
		};
/* End PBXContainerItemProxy section */

/* Begin PBXFileReference section */
		1B7DAB47FDD9A1E4AE6073D5 /* libPods.a */ = {isa = PBXFileReference; explicitFileType = archive.ar; includeInIndex = 0; path = libPods.a; sourceTree = BUILT_PRODUCTS_DIR; };
		423CFDD534480FF44F17D1D6 /* Pods.debug.xcconfig */ = {isa = PBXFileReference; includeInIndex = 1; lastKnownFileType = text.xcconfig; name = Pods.debug.xcconfig; path = "Pods/Target Support Files/Pods/Pods.debug.xcconfig"; sourceTree = "<group>"; };
		AE2223031BE483FC00D8BA8E /* AFNetworkingD.app */ = {isa = PBXFileReference; explicitFileType = wrapper.application; includeInIndex = 0; path = AFNetworkingD.app; sourceTree = BUILT_PRODUCTS_DIR; };
		AE2223071BE483FC00D8BA8E /* main.m */ = {isa = PBXFileReference; lastKnownFileType = sourcecode.c.objc; path = main.m; sourceTree = "<group>"; };
		AE2223091BE483FC00D8BA8E /* AppDelegate.h */ = {isa = PBXFileReference; lastKnownFileType = sourcecode.c.h; path = AppDelegate.h; sourceTree = "<group>"; };
		AE22230A1BE483FC00D8BA8E /* AppDelegate.m */ = {isa = PBXFileReference; lastKnownFileType = sourcecode.c.objc; path = AppDelegate.m; sourceTree = "<group>"; };
		AE22230C1BE483FC00D8BA8E /* ViewController.h */ = {isa = PBXFileReference; lastKnownFileType = sourcecode.c.h; path = ViewController.h; sourceTree = "<group>"; };
		AE22230D1BE483FC00D8BA8E /* ViewController.m */ = {isa = PBXFileReference; lastKnownFileType = sourcecode.c.objc; path = ViewController.m; sourceTree = "<group>"; };
		AE2223101BE483FC00D8BA8E /* Base */ = {isa = PBXFileReference; lastKnownFileType = file.storyboard; name = Base; path = Base.lproj/Main.storyboard; sourceTree = "<group>"; };
		AE2223131BE483FC00D8BA8E /* AFNetworkingD.xcdatamodel */ = {isa = PBXFileReference; lastKnownFileType = wrapper.xcdatamodel; path = AFNetworkingD.xcdatamodel; sourceTree = "<group>"; };
		AE2223151BE483FC00D8BA8E /* Assets.xcassets */ = {isa = PBXFileReference; lastKnownFileType = folder.assetcatalog; path = Assets.xcassets; sourceTree = "<group>"; };
		AE2223181BE483FC00D8BA8E /* Base */ = {isa = PBXFileReference; lastKnownFileType = file.storyboard; name = Base; path = Base.lproj/LaunchScreen.storyboard; sourceTree = "<group>"; };
		AE22231A1BE483FC00D8BA8E /* Info.plist */ = {isa = PBXFileReference; lastKnownFileType = text.plist.xml; path = Info.plist; sourceTree = "<group>"; };
		AE22231F1BE483FC00D8BA8E /* AFNetworkingDTests.xctest */ = {isa = PBXFileReference; explicitFileType = wrapper.cfbundle; includeInIndex = 0; path = AFNetworkingDTests.xctest; sourceTree = BUILT_PRODUCTS_DIR; };
		AE2223231BE483FC00D8BA8E /* AFNetworkingDTests.m */ = {isa = PBXFileReference; lastKnownFileType = sourcecode.c.objc; path = AFNetworkingDTests.m; sourceTree = "<group>"; };
		AE2223251BE483FC00D8BA8E /* Info.plist */ = {isa = PBXFileReference; lastKnownFileType = text.plist.xml; path = Info.plist; sourceTree = "<group>"; };
		AE22232A1BE483FC00D8BA8E /* AFNetworkingDUITests.xctest */ = {isa = PBXFileReference; explicitFileType = wrapper.cfbundle; includeInIndex = 0; path = AFNetworkingDUITests.xctest; sourceTree = BUILT_PRODUCTS_DIR; };
		AE22232E1BE483FC00D8BA8E /* AFNetworkingDUITests.m */ = {isa = PBXFileReference; lastKnownFileType = sourcecode.c.objc; path = AFNetworkingDUITests.m; sourceTree = "<group>"; };
		AE2223301BE483FC00D8BA8E /* Info.plist */ = {isa = PBXFileReference; lastKnownFileType = text.plist.xml; path = Info.plist; sourceTree = "<group>"; };
		D3EBD99141B96721566D1239 /* Pods.release.xcconfig */ = {isa = PBXFileReference; includeInIndex = 1; lastKnownFileType = text.xcconfig; name = Pods.release.xcconfig; path = "Pods/Target Support Files/Pods/Pods.release.xcconfig"; sourceTree = "<group>"; };
/* End PBXFileReference section */

/* Begin PBXFrameworksBuildPhase section */
		AE2223001BE483FC00D8BA8E /* Frameworks */ = {
			isa = PBXFrameworksBuildPhase;
			buildActionMask = 2147483647;
			files = (
				5BB0DA059CD2B9D04F355AA5 /* libPods.a in Frameworks */,
			);
			runOnlyForDeploymentPostprocessing = 0;
		};
		AE22231C1BE483FC00D8BA8E /* Frameworks */ = {
			isa = PBXFrameworksBuildPhase;
			buildActionMask = 2147483647;
			files = (
			);
			runOnlyForDeploymentPostprocessing = 0;
		};
		AE2223271BE483FC00D8BA8E /* Frameworks */ = {
			isa = PBXFrameworksBuildPhase;
			buildActionMask = 2147483647;
			files = (
			);
			runOnlyForDeploymentPostprocessing = 0;
		};
/* End PBXFrameworksBuildPhase section */

/* Begin PBXGroup section */
		37CCC5623EB4AC2DBA225DE9 /* Frameworks */ = {
			isa = PBXGroup;
			children = (
				1B7DAB47FDD9A1E4AE6073D5 /* libPods.a */,
			);
			name = Frameworks;
			sourceTree = "<group>";
		};
		AE2222FA1BE483FC00D8BA8E = {
			isa = PBXGroup;
			children = (
				AE2223051BE483FC00D8BA8E /* AFNetworkingD */,
				AE2223221BE483FC00D8BA8E /* AFNetworkingDTests */,
				AE22232D1BE483FC00D8BA8E /* AFNetworkingDUITests */,
				AE2223041BE483FC00D8BA8E /* Products */,
				E6E8EDDAD321950BFC48E7DA /* Pods */,
				37CCC5623EB4AC2DBA225DE9 /* Frameworks */,
			);
			sourceTree = "<group>";
		};
		AE2223041BE483FC00D8BA8E /* Products */ = {
			isa = PBXGroup;
			children = (
				AE2223031BE483FC00D8BA8E /* AFNetworkingD.app */,
				AE22231F1BE483FC00D8BA8E /* AFNetworkingDTests.xctest */,
				AE22232A1BE483FC00D8BA8E /* AFNetworkingDUITests.xctest */,
			);
			name = Products;
			sourceTree = "<group>";
		};
		AE2223051BE483FC00D8BA8E /* AFNetworkingD */ = {
			isa = PBXGroup;
			children = (
				AE2223091BE483FC00D8BA8E /* AppDelegate.h */,
				AE22230A1BE483FC00D8BA8E /* AppDelegate.m */,
				AE22230C1BE483FC00D8BA8E /* ViewController.h */,
				AE22230D1BE483FC00D8BA8E /* ViewController.m */,
				AE22230F1BE483FC00D8BA8E /* Main.storyboard */,
				AE2223151BE483FC00D8BA8E /* Assets.xcassets */,
				AE2223171BE483FC00D8BA8E /* LaunchScreen.storyboard */,
				AE22231A1BE483FC00D8BA8E /* Info.plist */,
				AE2223121BE483FC00D8BA8E /* AFNetworkingD.xcdatamodeld */,
				AE2223061BE483FC00D8BA8E /* Supporting Files */,
			);
			path = AFNetworkingD;
			sourceTree = "<group>";
		};
		AE2223061BE483FC00D8BA8E /* Supporting Files */ = {
			isa = PBXGroup;
			children = (
				AE2223071BE483FC00D8BA8E /* main.m */,
			);
			name = "Supporting Files";
			sourceTree = "<group>";
		};
		AE2223221BE483FC00D8BA8E /* AFNetworkingDTests */ = {
			isa = PBXGroup;
			children = (
				AE2223231BE483FC00D8BA8E /* AFNetworkingDTests.m */,
				AE2223251BE483FC00D8BA8E /* Info.plist */,
			);
			path = AFNetworkingDTests;
			sourceTree = "<group>";
		};
		AE22232D1BE483FC00D8BA8E /* AFNetworkingDUITests */ = {
			isa = PBXGroup;
			children = (
				AE22232E1BE483FC00D8BA8E /* AFNetworkingDUITests.m */,
				AE2223301BE483FC00D8BA8E /* Info.plist */,
			);
			path = AFNetworkingDUITests;
			sourceTree = "<group>";
		};
		E6E8EDDAD321950BFC48E7DA /* Pods */ = {
			isa = PBXGroup;
			children = (
				423CFDD534480FF44F17D1D6 /* Pods.debug.xcconfig */,
				D3EBD99141B96721566D1239 /* Pods.release.xcconfig */,
			);
			name = Pods;
			sourceTree = "<group>";
		};
/* End PBXGroup section */

/* Begin PBXNativeTarget section */
		AE2223021BE483FC00D8BA8E /* AFNetworkingD */ = {
			isa = PBXNativeTarget;
			buildConfigurationList = AE2223331BE483FC00D8BA8E /* Build configuration list for PBXNativeTarget "AFNetworkingD" */;
			buildPhases = (
				0308B8E3471372B701B36766 /* Check Pods Manifest.lock */,
				AE2222FF1BE483FC00D8BA8E /* Sources */,
				AE2223001BE483FC00D8BA8E /* Frameworks */,
				AE2223011BE483FC00D8BA8E /* Resources */,
				A8C76F7F18406B15069706D7 /* Embed Pods Frameworks */,
				8CC955913F25EFC2AA2D63DC /* Copy Pods Resources */,
			);
			buildRules = (
			);
			dependencies = (
			);
			name = AFNetworkingD;
			productName = AFNetworkingD;
			productReference = AE2223031BE483FC00D8BA8E /* AFNetworkingD.app */;
			productType = "com.apple.product-type.application";
		};
		AE22231E1BE483FC00D8BA8E /* AFNetworkingDTests */ = {
			isa = PBXNativeTarget;
			buildConfigurationList = AE2223361BE483FC00D8BA8E /* Build configuration list for PBXNativeTarget "AFNetworkingDTests" */;
			buildPhases = (
				AE22231B1BE483FC00D8BA8E /* Sources */,
				AE22231C1BE483FC00D8BA8E /* Frameworks */,
				AE22231D1BE483FC00D8BA8E /* Resources */,
			);
			buildRules = (
			);
			dependencies = (
				AE2223211BE483FC00D8BA8E /* PBXTargetDependency */,
			);
			name = AFNetworkingDTests;
			productName = AFNetworkingDTests;
			productReference = AE22231F1BE483FC00D8BA8E /* AFNetworkingDTests.xctest */;
			productType = "com.apple.product-type.bundle.unit-test";
		};
		AE2223291BE483FC00D8BA8E /* AFNetworkingDUITests */ = {
			isa = PBXNativeTarget;
			buildConfigurationList = AE2223391BE483FC00D8BA8E /* Build configuration list for PBXNativeTarget "AFNetworkingDUITests" */;
			buildPhases = (
				AE2223261BE483FC00D8BA8E /* Sources */,
				AE2223271BE483FC00D8BA8E /* Frameworks */,
				AE2223281BE483FC00D8BA8E /* Resources */,
			);
			buildRules = (
			);
			dependencies = (
				AE22232C1BE483FC00D8BA8E /* PBXTargetDependency */,
			);
			name = AFNetworkingDUITests;
			productName = AFNetworkingDUITests;
			productReference = AE22232A1BE483FC00D8BA8E /* AFNetworkingDUITests.xctest */;
			productType = "com.apple.product-type.bundle.ui-testing";
		};
/* End PBXNativeTarget section */

/* Begin PBXProject section */
		AE2222FB1BE483FC00D8BA8E /* Project object */ = {
			isa = PBXProject;
			attributes = {
				LastUpgradeCheck = 0710;
				ORGANIZATIONNAME = lmj;
				TargetAttributes = {
					AE2223021BE483FC00D8BA8E = {
						CreatedOnToolsVersion = 7.1;
					};
					AE22231E1BE483FC00D8BA8E = {
						CreatedOnToolsVersion = 7.1;
						TestTargetID = AE2223021BE483FC00D8BA8E;
					};
					AE2223291BE483FC00D8BA8E = {
						CreatedOnToolsVersion = 7.1;
						TestTargetID = AE2223021BE483FC00D8BA8E;
					};
				};
			};
			buildConfigurationList = AE2222FE1BE483FC00D8BA8E /* Build configuration list for PBXProject "AFNetworkingD" */;
			compatibilityVersion = "Xcode 3.2";
			developmentRegion = English;
			hasScannedForEncodings = 0;
			knownRegions = (
				en,
				Base,
			);
			mainGroup = AE2222FA1BE483FC00D8BA8E;
			productRefGroup = AE2223041BE483FC00D8BA8E /* Products */;
			projectDirPath = "";
			projectRoot = "";
			targets = (
				AE2223021BE483FC00D8BA8E /* AFNetworkingD */,
				AE22231E1BE483FC00D8BA8E /* AFNetworkingDTests */,
				AE2223291BE483FC00D8BA8E /* AFNetworkingDUITests */,
			);
		};
/* End PBXProject section */

/* Begin PBXResourcesBuildPhase section */
		AE2223011BE483FC00D8BA8E /* Resources */ = {
			isa = PBXResourcesBuildPhase;
			buildActionMask = 2147483647;
			files = (
				AE2223191BE483FC00D8BA8E /* LaunchScreen.storyboard in Resources */,
				AE2223161BE483FC00D8BA8E /* Assets.xcassets in Resources */,
				AE2223111BE483FC00D8BA8E /* Main.storyboard in Resources */,
			);
			runOnlyForDeploymentPostprocessing = 0;
		};
		AE22231D1BE483FC00D8BA8E /* Resources */ = {
			isa = PBXResourcesBuildPhase;
			buildActionMask = 2147483647;
			files = (
			);
			runOnlyForDeploymentPostprocessing = 0;
		};
		AE2223281BE483FC00D8BA8E /* Resources */ = {
			isa = PBXResourcesBuildPhase;
			buildActionMask = 2147483647;
			files = (
			);
			runOnlyForDeploymentPostprocessing = 0;
		};
/* End PBXResourcesBuildPhase section */

/* Begin PBXShellScriptBuildPhase section */
		0308B8E3471372B701B36766 /* Check Pods Manifest.lock */ = {
			isa = PBXShellScriptBuildPhase;
			buildActionMask = 2147483647;
			files = (
			);
			inputPaths = (
			);
			name = "Check Pods Manifest.lock";
			outputPaths = (
			);
			runOnlyForDeploymentPostprocessing = 0;
			shellPath = /bin/sh;
			shellScript = "diff \"${PODS_ROOT}/../Podfile.lock\" \"${PODS_ROOT}/Manifest.lock\" > /dev/null\nif [[ $? != 0 ]] ; then\n    cat << EOM\nerror: The sandbox is not in sync with the Podfile.lock. Run 'pod install' or update your CocoaPods installation.\nEOM\n    exit 1\nfi\n";
			showEnvVarsInLog = 0;
		};
		8CC955913F25EFC2AA2D63DC /* Copy Pods Resources */ = {
			isa = PBXShellScriptBuildPhase;
			buildActionMask = 2147483647;
			files = (
			);
			inputPaths = (
			);
			name = "Copy Pods Resources";
			outputPaths = (
			);
			runOnlyForDeploymentPostprocessing = 0;
			shellPath = /bin/sh;
			shellScript = "\"${SRCROOT}/Pods/Target Support Files/Pods/Pods-resources.sh\"\n";
			showEnvVarsInLog = 0;
		};
		A8C76F7F18406B15069706D7 /* Embed Pods Frameworks */ = {
			isa = PBXShellScriptBuildPhase;
			buildActionMask = 2147483647;
			files = (
			);
			inputPaths = (
			);
			name = "Embed Pods Frameworks";
			outputPaths = (
			);
			runOnlyForDeploymentPostprocessing = 0;
			shellPath = /bin/sh;
			shellScript = "\"${SRCROOT}/Pods/Target Support Files/Pods/Pods-frameworks.sh\"\n";
			showEnvVarsInLog = 0;
		};
/* End PBXShellScriptBuildPhase section */

/* Begin PBXSourcesBuildPhase section */
		AE2222FF1BE483FC00D8BA8E /* Sources */ = {
			isa = PBXSourcesBuildPhase;
			buildActionMask = 2147483647;
			files = (
				AE22230E1BE483FC00D8BA8E /* ViewController.m in Sources */,
				AE2223141BE483FC00D8BA8E /* AFNetworkingD.xcdatamodeld in Sources */,
				AE22230B1BE483FC00D8BA8E /* AppDelegate.m in Sources */,
				AE2223081BE483FC00D8BA8E /* main.m in Sources */,
			);
			runOnlyForDeploymentPostprocessing = 0;
		};
		AE22231B1BE483FC00D8BA8E /* Sources */ = {
			isa = PBXSourcesBuildPhase;
			buildActionMask = 2147483647;
			files = (
				AE2223241BE483FC00D8BA8E /* AFNetworkingDTests.m in Sources */,
			);
			runOnlyForDeploymentPostprocessing = 0;
		};
		AE2223261BE483FC00D8BA8E /* Sources */ = {
			isa = PBXSourcesBuildPhase;
			buildActionMask = 2147483647;
			files = (
				AE22232F1BE483FC00D8BA8E /* AFNetworkingDUITests.m in Sources */,
			);
			runOnlyForDeploymentPostprocessing = 0;
		};
/* End PBXSourcesBuildPhase section */

/* Begin PBXTargetDependency section */
		AE2223211BE483FC00D8BA8E /* PBXTargetDependency */ = {
			isa = PBXTargetDependency;
			target = AE2223021BE483FC00D8BA8E /* AFNetworkingD */;
			targetProxy = AE2223201BE483FC00D8BA8E /* PBXContainerItemProxy */;
		};
		AE22232C1BE483FC00D8BA8E /* PBXTargetDependency */ = {
			isa = PBXTargetDependency;
			target = AE2223021BE483FC00D8BA8E /* AFNetworkingD */;
			targetProxy = AE22232B1BE483FC00D8BA8E /* PBXContainerItemProxy */;
		};
/* End PBXTargetDependency section */

/* Begin PBXVariantGroup section */
		AE22230F1BE483FC00D8BA8E /* Main.storyboard */ = {
			isa = PBXVariantGroup;
			children = (
				AE2223101BE483FC00D8BA8E /* Base */,
			);
			name = Main.storyboard;
			sourceTree = "<group>";
		};
		AE2223171BE483FC00D8BA8E /* LaunchScreen.storyboard */ = {
			isa = PBXVariantGroup;
			children = (
				AE2223181BE483FC00D8BA8E /* Base */,
			);
			name = LaunchScreen.storyboard;
			sourceTree = "<group>";
		};
/* End PBXVariantGroup section */

/* Begin XCBuildConfiguration section */
		AE2223311BE483FC00D8BA8E /* Debug */ = {
			isa = XCBuildConfiguration;
			buildSettings = {
				ALWAYS_SEARCH_USER_PATHS = NO;
				CLANG_CXX_LANGUAGE_STANDARD = "gnu++0x";
				CLANG_CXX_LIBRARY = "libc++";
				CLANG_ENABLE_MODULES = YES;
				CLANG_ENABLE_OBJC_ARC = YES;
				CLANG_WARN_BOOL_CONVERSION = YES;
				CLANG_WARN_CONSTANT_CONVERSION = YES;
				CLANG_WARN_DIRECT_OBJC_ISA_USAGE = YES_ERROR;
				CLANG_WARN_EMPTY_BODY = YES;
				CLANG_WARN_ENUM_CONVERSION = YES;
				CLANG_WARN_INT_CONVERSION = YES;
				CLANG_WARN_OBJC_ROOT_CLASS = YES_ERROR;
				CLANG_WARN_UNREACHABLE_CODE = YES;
				CLANG_WARN__DUPLICATE_METHOD_MATCH = YES;
				"CODE_SIGN_IDENTITY[sdk=iphoneos*]" = "iPhone Developer";
				COPY_PHASE_STRIP = NO;
				DEBUG_INFORMATION_FORMAT = dwarf;
				ENABLE_STRICT_OBJC_MSGSEND = YES;
				ENABLE_TESTABILITY = YES;
				GCC_C_LANGUAGE_STANDARD = gnu99;
				GCC_DYNAMIC_NO_PIC = NO;
				GCC_NO_COMMON_BLOCKS = YES;
				GCC_OPTIMIZATION_LEVEL = 0;
				GCC_PREPROCESSOR_DEFINITIONS = (
					"DEBUG=1",
					"$(inherited)",
				);
				GCC_WARN_64_TO_32_BIT_CONVERSION = YES;
				GCC_WARN_ABOUT_RETURN_TYPE = YES_ERROR;
				GCC_WARN_UNDECLARED_SELECTOR = YES;
				GCC_WARN_UNINITIALIZED_AUTOS = YES_AGGRESSIVE;
				GCC_WARN_UNUSED_FUNCTION = YES;
				GCC_WARN_UNUSED_VARIABLE = YES;
				IPHONEOS_DEPLOYMENT_TARGET = 9.1;
				MTL_ENABLE_DEBUG_INFO = YES;
				ONLY_ACTIVE_ARCH = YES;
				SDKROOT = iphoneos;
			};
			name = Debug;
		};
		AE2223321BE483FC00D8BA8E /* Release */ = {
			isa = XCBuildConfiguration;
			buildSettings = {
				ALWAYS_SEARCH_USER_PATHS = NO;
				CLANG_CXX_LANGUAGE_STANDARD = "gnu++0x";
				CLANG_CXX_LIBRARY = "libc++";
				CLANG_ENABLE_MODULES = YES;
				CLANG_ENABLE_OBJC_ARC = YES;
				CLANG_WARN_BOOL_CONVERSION = YES;
				CLANG_WARN_CONSTANT_CONVERSION = YES;
				CLANG_WARN_DIRECT_OBJC_ISA_USAGE = YES_ERROR;
				CLANG_WARN_EMPTY_BODY = YES;
				CLANG_WARN_ENUM_CONVERSION = YES;
				CLANG_WARN_INT_CONVERSION = YES;
				CLANG_WARN_OBJC_ROOT_CLASS = YES_ERROR;
				CLANG_WARN_UNREACHABLE_CODE = YES;
				CLANG_WARN__DUPLICATE_METHOD_MATCH = YES;
				"CODE_SIGN_IDENTITY[sdk=iphoneos*]" = "iPhone Developer";
				COPY_PHASE_STRIP = NO;
				DEBUG_INFORMATION_FORMAT = "dwarf-with-dsym";
				ENABLE_NS_ASSERTIONS = NO;
				ENABLE_STRICT_OBJC_MSGSEND = YES;
				GCC_C_LANGUAGE_STANDARD = gnu99;
				GCC_NO_COMMON_BLOCKS = YES;
				GCC_WARN_64_TO_32_BIT_CONVERSION = YES;
				GCC_WARN_ABOUT_RETURN_TYPE = YES_ERROR;
				GCC_WARN_UNDECLARED_SELECTOR = YES;
				GCC_WARN_UNINITIALIZED_AUTOS = YES_AGGRESSIVE;
				GCC_WARN_UNUSED_FUNCTION = YES;
				GCC_WARN_UNUSED_VARIABLE = YES;
				IPHONEOS_DEPLOYMENT_TARGET = 9.1;
				MTL_ENABLE_DEBUG_INFO = NO;
				SDKROOT = iphoneos;
				VALIDATE_PRODUCT = YES;
			};
			name = Release;
		};
		AE2223341BE483FC00D8BA8E /* Debug */ = {
			isa = XCBuildConfiguration;
			baseConfigurationReference = 423CFDD534480FF44F17D1D6 /* Pods.debug.xcconfig */;
			buildSettings = {
				ASSETCATALOG_COMPILER_APPICON_NAME = AppIcon;
				INFOPLIST_FILE = AFNetworkingD/Info.plist;
				LD_RUNPATH_SEARCH_PATHS = "$(inherited) @executable_path/Frameworks";
				PRODUCT_BUNDLE_IDENTIFIER = lmj.com.AFNetworkingD;
				PRODUCT_NAME = "$(TARGET_NAME)";
			};
			name = Debug;
		};
		AE2223351BE483FC00D8BA8E /* Release */ = {
			isa = XCBuildConfiguration;
			baseConfigurationReference = D3EBD99141B96721566D1239 /* Pods.release.xcconfig */;
			buildSettings = {
				ASSETCATALOG_COMPILER_APPICON_NAME = AppIcon;
				INFOPLIST_FILE = AFNetworkingD/Info.plist;
				LD_RUNPATH_SEARCH_PATHS = "$(inherited) @executable_path/Frameworks";
				PRODUCT_BUNDLE_IDENTIFIER = lmj.com.AFNetworkingD;
				PRODUCT_NAME = "$(TARGET_NAME)";
			};
			name = Release;
		};
		AE2223371BE483FC00D8BA8E /* Debug */ = {
			isa = XCBuildConfiguration;
			buildSettings = {
				BUNDLE_LOADER = "$(TEST_HOST)";
				INFOPLIST_FILE = AFNetworkingDTests/Info.plist;
				LD_RUNPATH_SEARCH_PATHS = "$(inherited) @executable_path/Frameworks @loader_path/Frameworks";
				PRODUCT_BUNDLE_IDENTIFIER = lmj.com.AFNetworkingDTests;
				PRODUCT_NAME = "$(TARGET_NAME)";
				TEST_HOST = "$(BUILT_PRODUCTS_DIR)/AFNetworkingD.app/AFNetworkingD";
			};
			name = Debug;
		};
		AE2223381BE483FC00D8BA8E /* Release */ = {
			isa = XCBuildConfiguration;
			buildSettings = {
				BUNDLE_LOADER = "$(TEST_HOST)";
				INFOPLIST_FILE = AFNetworkingDTests/Info.plist;
				LD_RUNPATH_SEARCH_PATHS = "$(inherited) @executable_path/Frameworks @loader_path/Frameworks";
				PRODUCT_BUNDLE_IDENTIFIER = lmj.com.AFNetworkingDTests;
				PRODUCT_NAME = "$(TARGET_NAME)";
				TEST_HOST = "$(BUILT_PRODUCTS_DIR)/AFNetworkingD.app/AFNetworkingD";
			};
			name = Release;
		};
		AE22233A1BE483FC00D8BA8E /* Debug */ = {
			isa = XCBuildConfiguration;
			buildSettings = {
				INFOPLIST_FILE = AFNetworkingDUITests/Info.plist;
				LD_RUNPATH_SEARCH_PATHS = "$(inherited) @executable_path/Frameworks @loader_path/Frameworks";
				PRODUCT_BUNDLE_IDENTIFIER = lmj.com.AFNetworkingDUITests;
				PRODUCT_NAME = "$(TARGET_NAME)";
				TEST_TARGET_NAME = AFNetworkingD;
				USES_XCTRUNNER = YES;
			};
			name = Debug;
		};
		AE22233B1BE483FC00D8BA8E /* Release */ = {
			isa = XCBuildConfiguration;
			buildSettings = {
				INFOPLIST_FILE = AFNetworkingDUITests/Info.plist;
				LD_RUNPATH_SEARCH_PATHS = "$(inherited) @executable_path/Frameworks @loader_path/Frameworks";
				PRODUCT_BUNDLE_IDENTIFIER = lmj.com.AFNetworkingDUITests;
				PRODUCT_NAME = "$(TARGET_NAME)";
				TEST_TARGET_NAME = AFNetworkingD;
				USES_XCTRUNNER = YES;
			};
			name = Release;
		};
/* End XCBuildConfiguration section */

/* Begin XCConfigurationList section */
		AE2222FE1BE483FC00D8BA8E /* Build configuration list for PBXProject "AFNetworkingD" */ = {
			isa = XCConfigurationList;
			buildConfigurations = (
				AE2223311BE483FC00D8BA8E /* Debug */,
				AE2223321BE483FC00D8BA8E /* Release */,
			);
			defaultConfigurationIsVisible = 0;
			defaultConfigurationName = Release;
		};
		AE2223331BE483FC00D8BA8E /* Build configuration list for PBXNativeTarget "AFNetworkingD" */ = {
			isa = XCConfigurationList;
			buildConfigurations = (
				AE2223341BE483FC00D8BA8E /* Debug */,
				AE2223351BE483FC00D8BA8E /* Release */,
			);
			defaultConfigurationIsVisible = 0;
			defaultConfigurationName = Release;
		};
		AE2223361BE483FC00D8BA8E /* Build configuration list for PBXNativeTarget "AFNetworkingDTests" */ = {
			isa = XCConfigurationList;
			buildConfigurations = (
				AE2223371BE483FC00D8BA8E /* Debug */,
				AE2223381BE483FC00D8BA8E /* Release */,
			);
			defaultConfigurationIsVisible = 0;
			defaultConfigurationName = Release;
		};
		AE2223391BE483FC00D8BA8E /* Build configuration list for PBXNativeTarget "AFNetworkingDUITests" */ = {
			isa = XCConfigurationList;
			buildConfigurations = (
				AE22233A1BE483FC00D8BA8E /* Debug */,
				AE22233B1BE483FC00D8BA8E /* Release */,
			);
			defaultConfigurationIsVisible = 0;
			defaultConfigurationName = Release;
		};
/* End XCConfigurationList section */

/* Begin XCVersionGroup section */
		AE2223121BE483FC00D8BA8E /* AFNetworkingD.xcdatamodeld */ = {
			isa = XCVersionGroup;
			children = (
				AE2223131BE483FC00D8BA8E /* AFNetworkingD.xcdatamodel */,
			);
			currentVersion = AE2223131BE483FC00D8BA8E /* AFNetworkingD.xcdatamodel */;
			path = AFNetworkingD.xcdatamodeld;
			sourceTree = "<group>";
			versionGroupType = wrapper.xcdatamodel;
		};
/* End XCVersionGroup section */
	};
	rootObject = AE2222FB1BE483FC00D8BA8E /* Project object */;
}
